PODS:
  - QXCategoryKit (0.1.6):
    - SVProgressHUD
  - SVProgressHUD (2.2.5)

DEPENDENCIES:
  - QXCategoryKit (from `../`)

SPEC REPOS:
  trunk:
    - SVProgressHUD

EXTERNAL SOURCES:
  QXCategoryKit:
    :path: "../"

SPEC CHECKSUMS:
  QXCategoryKit: 995e631d9472798cbfbf7012dce32dd197873664
  SVProgressHUD: 1428aafac632c1f86f62aa4243ec12008d7a51d6

PODFILE CHECKSUM: 89b29a9b537b45e086c2173348c3b08444b4680b

COCOAPODS: 1.8.4
